<?xml version="1.0" encoding="utf-8"?>
<Project ToolsVersion="4.0" xmlns="http://schemas.microsoft.com/developer/msbuild/2003">
  <ItemGroup>
    <Filter Include="Source Files">
      <UniqueIdentifier>{4FC737F1-C7A5-4376-A066-2A32D752A2FF}</UniqueIdentifier>
      <Extensions>cpp;c;cc;cxx;def;odl;idl;hpj;bat;asm;asmx</Extensions>
    </Filter>
    <Filter Include="Header Files">
      <UniqueIdentifier>{93995380-89BD-4b04-88EB-625FBE52EBFB}</UniqueIdentifier>
      <Extensions>h;hpp;hxx;hm;inl;inc;xsd</Extensions>
    </Filter>
    <Filter Include="Resource Files">
      <UniqueIdentifier>{67DA6AB6-F800-4c08-8B7A-83BB121AAD01}</UniqueIdentifier>
      <Extensions>rc;ico;cur;bmp;dlg;rc2;rct;bin;rgs;gif;jpg;jpeg;jpe;resx;tiff;tif;png;wav;mfcribbon-ms</Extensions>
    </Filter>
    <Filter Include="Engine">
      <UniqueIdentifier>{16283c4d-77c2-4931-bd6d-48f010c41f96}</UniqueIdentifier>
    </Filter>
    <Filter Include="Engine\Header">
      <UniqueIdentifier>{fc06ff28-e1bc-4abd-9c4c-1e0efb5f709f}</UniqueIdentifier>
    </Filter>
    <Filter Include="Engine\Source">
      <UniqueIdentifier>{ec57938c-9164-4b02-bfc8-1c3f037b5db9}</UniqueIdentifier>
    </Filter>
  </ItemGroup>
  <ItemGroup>
    <ClCompile Include="main.cpp">
      <Filter>Source Files</Filter>
    </ClCompile>
    <ClCompile Include="SpaceShip.cpp">
      <Filter>Source Files</Filter>
    </ClCompile>
    <ClCompile Include="Rectangle.cpp">
      <Filter>Engine\Source</Filter>
    </ClCompile>
    <ClCompile Include="Visualisation.cpp">
      <Filter>Engine\Source</Filter>
    </ClCompile>
    <ClCompile Include="World.cpp">
      <Filter>Engine\Source</Filter>
    </ClCompile>
    <ClCompile Include="WorldEntity.cpp">
      <Filter>Engine\Source</Filter>
    </ClCompile>
    <ClCompile Include="BackGround.cpp">
      <Filter>Source Files</Filter>
    </ClCompile>
    <ClCompile Include="Bullet.cpp">
      <Filter>Source Files</Filter>
    </ClCompile>
    <ClCompile Include="EnemySmall.cpp">
      <Filter>Source Files</Filter>
    </ClCompile>
    <ClCompile Include="Explosion.cpp">
      <Filter>Source Files</Filter>
    </ClCompile>
    <ClCompile Include="EnemyBullet.cpp">
      <Filter>Source Files</Filter>
    </ClCompile>
    <ClCompile Include="AiManger.cpp">
      <Filter>Source Files</Filter>
    </ClCompile>
    <ClCompile Include="EnemyMedium.cpp">
      <Filter>Source Files</Filter>
    </ClCompile>
    <ClCompile Include="EnemyLarge.cpp">
      <Filter>Source Files</Filter>
    </ClCompile>
    <ClCompile Include="GuiManager.cpp">
      <Filter>Source Files</Filter>
    </ClCompile>
    <ClCompile Include="Ftp.cpp">
      <Filter>Engine\Source</Filter>
    </ClCompile>
    <ClCompile Include="Sprite.cpp">
      <Filter>Engine\Source</Filter>
    </ClCompile>
    <ClCompile Include="Sound.cpp">
      <Filter>Engine\Source</Filter>
    </ClCompile>
    <ClCompile Include="Sound_ids.cpp">
      <Filter>Source Files</Filter>
    </ClCompile>
    <ClCompile Include="EmbededWebBrowser.cpp">
      <Filter>Source Files</Filter>
    </ClCompile>
  </ItemGroup>
  <ItemGroup>
    <ClInclude Include="SpaceShip.h">
      <Filter>Header Files</Filter>
    </ClInclude>
    <ClInclude Include="Rectangle.h">
      <Filter>Engine\Header</Filter>
    </ClInclude>
    <ClInclude Include="Sprite.h">
      <Filter>Engine\Header</Filter>
    </ClInclude>
    <ClInclude Include="Visualisation.h">
      <Filter>Engine\Header</Filter>
    </ClInclude>
    <ClInclude Include="World.h">
      <Filter>Engine\Header</Filter>
    </ClInclude>
    <ClInclude Include="WorldEntity.h">
      <Filter>Engine\Header</Filter>
    </ClInclude>
    <ClInclude Include="BackGround.h">
      <Filter>Header Files</Filter>
    </ClInclude>
    <ClInclude Include="Bullet.h">
      <Filter>Header Files</Filter>
    </ClInclude>
    <ClInclude Include="EnemySmall.h">
      <Filter>Header Files</Filter>
    </ClInclude>
    <ClInclude Include="Explosion.h">
      <Filter>Header Files</Filter>
    </ClInclude>
    <ClInclude Include="EnemyBullet.h">
      <Filter>Header Files</Filter>
    </ClInclude>
    <ClInclude Include="AiManger.h">
      <Filter>Header Files</Filter>
    </ClInclude>
    <ClInclude Include="EnemyMedium.h">
      <Filter>Header Files</Filter>
    </ClInclude>
    <ClInclude Include="EnemyLarge.h">
      <Filter>Header Files</Filter>
    </ClInclude>
    <ClInclude Include="GuiManager.h">
      <Filter>Header Files</Filter>
    </ClInclude>
    <ClInclude Include="Ftp.h">
      <Filter>Engine\Header</Filter>
    </ClInclude>
    <ClInclude Include="Sound.h">
      <Filter>Engine\Header</Filter>
    </ClInclude>
    <ClInclude Include="Sound_ids.h">
      <Filter>Header Files</Filter>
    </ClInclude>
    <ClInclude Include="EmbededWebBrowser.h">
      <Filter>Header Files</Filter>
    </ClInclude>
    <ClInclude Include="resource.h">
      <Filter>Resource Files</Filter>
    </ClInclude>
  </ItemGroup>
  <ItemGroup>
    <ResourceCompile Include="Template.rc">
      <Filter>Resource Files</Filter>
    </ResourceCompile>
  </ItemGroup>
  <ItemGroup>
    <None Include="icon.ico">
      <Filter>Resource Files</Filter>
    </None>
  </ItemGroup>
</Project>